<Solution>
  <Project Path="../DWM.Shared/DWM.Shared.csproj" />
  <Project Path="DWMStudio.EconomyCli/DWMStudio.EconomyCli.csproj">
    <Build Solution="Debug|*" Project="false" />
  </Project>
  <Project Path="DWMStudio.Tests/DWMStudio.Tests.csproj" />
  <Project Path="DWMStudio/DWMStudio.csproj" />
</Solution>
